
Microsoft Visual Studio Solution File, Format Version 12.00
# Visual Studio Version 17
VisualStudioVersion = 17.9.34701.34
MinimumVisualStudioVersion = 10.0.40219.1
Project("{FAE04EC0-301F-11D3-BF4B-00C04F79EFBC}") = "session12", "session12.csproj", "{D0634631-0287-44EA-A31B-2DF21CB6898A}"
EndProject
Global
	GlobalSection(SolutionConfigurationPlatforms) = preSolution
		Debug|Any CPU = Debug|Any CPU
		Release|Any CPU = Release|Any CPU
	EndGlobalSection
	GlobalSection(ProjectConfigurationPlatforms) = postSolution
		{D0634631-0287-44EA-A31B-2DF21CB6898A}.Debug|Any CPU.ActiveCfg = Debug|Any CPU
		{D0634631-0287-44EA-A31B-2DF21CB6898A}.Debug|Any CPU.Build.0 = Debug|Any CPU
		{D0634631-0287-44EA-A31B-2DF21CB6898A}.Release|Any CPU.ActiveCfg = Release|Any CPU
		{D0634631-0287-44EA-A31B-2DF21CB6898A}.Release|Any CPU.Build.0 = Release|Any CPU
	EndGlobalSection
	GlobalSection(SolutionProperties) = preSolution
		HideSolutionNode = FALSE
	EndGlobalSection
	GlobalSection(ExtensibilityGlobals) = postSolution
		SolutionGuid = {F87DC97C-47C8-4C64-8C51-248A01EC6C3A}
	EndGlobalSection
EndGlobal
